
Microsoft Visual Studio Solution File, Format Version 12.00
# Visual Studio Version 16
VisualStudioVersion = 16.0.32510.428
MinimumVisualStudioVersion = 10.0.40219.1
Project("{9A19103F-16F7-4668-BE54-9A1E7A4F7556}") = "BlazorServerNew", "BlazorServerNew.csproj", "{87D8DE44-74F1-4B47-923D-B4B95DBD0A9A}"
EndProject
Project("{9A19103F-16F7-4668-BE54-9A1E7A4F7556}") = "ConsoleApp1ML.ConsoleApp", "..\blazortest\ConsoleApp1ML.ConsoleApp\ConsoleApp1ML.ConsoleApp.csproj", "{AC72DFB1-2213-4508-B877-B606D412465F}"
EndProject
Project("{9A19103F-16F7-4668-BE54-9A1E7A4F7556}") = "ConsoleApp1ML.Model", "..\blazortest\ConsoleApp1ML.Model\ConsoleApp1ML.Model.csproj", "{7705A0A5-0189-45F6-AF29-BDF245FE6A0D}"
EndProject
Project("{9A19103F-16F7-4668-BE54-9A1E7A4F7556}") = "KinopoiskParser", "..\blazortest\Parser\KinopoiskParser.csproj", "{136D79D8-26D4-46C0-8A43-D5FF9A4EE40A}"
EndProject
Project("{9A19103F-16F7-4668-BE54-9A1E7A4F7556}") = "acting_model", "..\ML.NET\acting_model\acting_model.csproj", "{8811A1B4-6D25-4E61-BCB3-108676018273}"
EndProject
Project("{9A19103F-16F7-4668-BE54-9A1E7A4F7556}") = "acting_modeL_new", "..\ML.NET\acting_modeL_new\acting_modeL_new.csproj", "{0EF7DB56-2F15-498F-895A-0D1BB39F15DA}"
EndProject
Project("{9A19103F-16F7-4668-BE54-9A1E7A4F7556}") = "Music_model_new_ConsoleApp1", "..\ML.NET\Music_model_new_ConsoleApp1\Music_model_new_ConsoleApp1.csproj", "{4AB97EB6-2560-40A2-879E-7C0BFB7CC2CC}"
EndProject
Project("{9A19103F-16F7-4668-BE54-9A1E7A4F7556}") = "Plot_model_new_ConsoleApp1", "..\ML.NET\Plot_model_new_ConsoleApp1\Plot_model_new_ConsoleApp1.csproj", "{C8D5C094-0603-40A3-8573-F94CB9E83A1D}"
EndProject
Project("{9A19103F-16F7-4668-BE54-9A1E7A4F7556}") = "Spec_model_new_ConsoleApp1", "..\ML.NET\Spec_model_new_ConsoleApp1\Spec_model_new_ConsoleApp1.csproj", "{D9E11AD2-39C6-41F3-9AD6-5A7459929E3B}"
EndProject
Global
	GlobalSection(SolutionConfigurationPlatforms) = preSolution
		Debug|Any CPU = Debug|Any CPU
		Release|Any CPU = Release|Any CPU
	EndGlobalSection
	GlobalSection(ProjectConfigurationPlatforms) = postSolution
		{87D8DE44-74F1-4B47-923D-B4B95DBD0A9A}.Debug|Any CPU.ActiveCfg = Debug|Any CPU
		{87D8DE44-74F1-4B47-923D-B4B95DBD0A9A}.Debug|Any CPU.Build.0 = Debug|Any CPU
		{87D8DE44-74F1-4B47-923D-B4B95DBD0A9A}.Release|Any CPU.ActiveCfg = Release|Any CPU
		{87D8DE44-74F1-4B47-923D-B4B95DBD0A9A}.Release|Any CPU.Build.0 = Release|Any CPU
		{AC72DFB1-2213-4508-B877-B606D412465F}.Debug|Any CPU.ActiveCfg = Debug|Any CPU
		{AC72DFB1-2213-4508-B877-B606D412465F}.Debug|Any CPU.Build.0 = Debug|Any CPU
		{AC72DFB1-2213-4508-B877-B606D412465F}.Release|Any CPU.ActiveCfg = Release|Any CPU
		{AC72DFB1-2213-4508-B877-B606D412465F}.Release|Any CPU.Build.0 = Release|Any CPU
		{7705A0A5-0189-45F6-AF29-BDF245FE6A0D}.Debug|Any CPU.ActiveCfg = Debug|Any CPU
		{7705A0A5-0189-45F6-AF29-BDF245FE6A0D}.Debug|Any CPU.Build.0 = Debug|Any CPU
		{7705A0A5-0189-45F6-AF29-BDF245FE6A0D}.Release|Any CPU.ActiveCfg = Release|Any CPU
		{7705A0A5-0189-45F6-AF29-BDF245FE6A0D}.Release|Any CPU.Build.0 = Release|Any CPU
		{136D79D8-26D4-46C0-8A43-D5FF9A4EE40A}.Debug|Any CPU.ActiveCfg = Debug|Any CPU
		{136D79D8-26D4-46C0-8A43-D5FF9A4EE40A}.Debug|Any CPU.Build.0 = Debug|Any CPU
		{136D79D8-26D4-46C0-8A43-D5FF9A4EE40A}.Release|Any CPU.ActiveCfg = Release|Any CPU
		{136D79D8-26D4-46C0-8A43-D5FF9A4EE40A}.Release|Any CPU.Build.0 = Release|Any CPU
		{8811A1B4-6D25-4E61-BCB3-108676018273}.Debug|Any CPU.ActiveCfg = Debug|Any CPU
		{8811A1B4-6D25-4E61-BCB3-108676018273}.Debug|Any CPU.Build.0 = Debug|Any CPU
		{8811A1B4-6D25-4E61-BCB3-108676018273}.Release|Any CPU.ActiveCfg = Release|Any CPU
		{8811A1B4-6D25-4E61-BCB3-108676018273}.Release|Any CPU.Build.0 = Release|Any CPU
		{0EF7DB56-2F15-498F-895A-0D1BB39F15DA}.Debug|Any CPU.ActiveCfg = Debug|Any CPU
		{0EF7DB56-2F15-498F-895A-0D1BB39F15DA}.Debug|Any CPU.Build.0 = Debug|Any CPU
		{0EF7DB56-2F15-498F-895A-0D1BB39F15DA}.Release|Any CPU.ActiveCfg = Release|Any CPU
		{0EF7DB56-2F15-498F-895A-0D1BB39F15DA}.Release|Any CPU.Build.0 = Release|Any CPU
		{4AB97EB6-2560-40A2-879E-7C0BFB7CC2CC}.Debug|Any CPU.ActiveCfg = Debug|Any CPU
		{4AB97EB6-2560-40A2-879E-7C0BFB7CC2CC}.Debug|Any CPU.Build.0 = Debug|Any CPU
		{4AB97EB6-2560-40A2-879E-7C0BFB7CC2CC}.Release|Any CPU.ActiveCfg = Release|Any CPU
		{4AB97EB6-2560-40A2-879E-7C0BFB7CC2CC}.Release|Any CPU.Build.0 = Release|Any CPU
		{C8D5C094-0603-40A3-8573-F94CB9E83A1D}.Debug|Any CPU.ActiveCfg = Debug|Any CPU
		{C8D5C094-0603-40A3-8573-F94CB9E83A1D}.Debug|Any CPU.Build.0 = Debug|Any CPU
		{C8D5C094-0603-40A3-8573-F94CB9E83A1D}.Release|Any CPU.ActiveCfg = Release|Any CPU
		{C8D5C094-0603-40A3-8573-F94CB9E83A1D}.Release|Any CPU.Build.0 = Release|Any CPU
		{D9E11AD2-39C6-41F3-9AD6-5A7459929E3B}.Debug|Any CPU.ActiveCfg = Debug|Any CPU
		{D9E11AD2-39C6-41F3-9AD6-5A7459929E3B}.Debug|Any CPU.Build.0 = Debug|Any CPU
		{D9E11AD2-39C6-41F3-9AD6-5A7459929E3B}.Release|Any CPU.ActiveCfg = Release|Any CPU
		{D9E11AD2-39C6-41F3-9AD6-5A7459929E3B}.Release|Any CPU.Build.0 = Release|Any CPU
	EndGlobalSection
	GlobalSection(SolutionProperties) = preSolution
		HideSolutionNode = FALSE
	EndGlobalSection
	GlobalSection(ExtensibilityGlobals) = postSolution
		SolutionGuid = {45DE8871-CD74-4B56-93F0-312B084C6D20}
	EndGlobalSection
EndGlobal
